
Microsoft Visual Studio Solution File, Format Version 12.00
# Visual Studio Version 17
VisualStudioVersion = 17.8.34408.163
MinimumVisualStudioVersion = 10.0.40219.1
Project("{9A19103F-16F7-4668-BE54-9A1E7A4F7556}") = "Underdog.Core", "src\Underdog.Core\Underdog.Core.csproj", "{0FE4330D-6959-4600-8EFF-0C5E7BB1EB0E}"
EndProject
Project("{9A19103F-16F7-4668-BE54-9A1E7A4F7556}") = "Underdog.Wpf", "src\Underdog.Wpf\Underdog.Wpf.csproj", "{9698CE81-0798-4177-B790-23C9F9F9CC4D}"
EndProject
Project("{9A19103F-16F7-4668-BE54-9A1E7A4F7556}") = "Underdog.Wpf.Tests", "tests\Underdog.Wpf.Tests\Underdog.Wpf.Tests.csproj", "{0B25DA58-2462-4F7D-9C74-7AED833132DD}"
EndProject
Project("{2150E333-8FDC-42A3-9474-1A3956D46DE8}") = "SolutionItems", "SolutionItems", "{3F7457FC-5007-4244-B1EA-DFA8EA92541C}"
	ProjectSection(SolutionItems) = preProject
		README.md = README.md
	EndProjectSection
EndProject
Global
	GlobalSection(SolutionConfigurationPlatforms) = preSolution
		Debug|Any CPU = Debug|Any CPU
		Release|Any CPU = Release|Any CPU
	EndGlobalSection
	GlobalSection(ProjectConfigurationPlatforms) = postSolution
		{0FE4330D-6959-4600-8EFF-0C5E7BB1EB0E}.Debug|Any CPU.ActiveCfg = Debug|Any CPU
		{0FE4330D-6959-4600-8EFF-0C5E7BB1EB0E}.Debug|Any CPU.Build.0 = Debug|Any CPU
		{0FE4330D-6959-4600-8EFF-0C5E7BB1EB0E}.Release|Any CPU.ActiveCfg = Release|Any CPU
		{0FE4330D-6959-4600-8EFF-0C5E7BB1EB0E}.Release|Any CPU.Build.0 = Release|Any CPU
		{9698CE81-0798-4177-B790-23C9F9F9CC4D}.Debug|Any CPU.ActiveCfg = Debug|Any CPU
		{9698CE81-0798-4177-B790-23C9F9F9CC4D}.Debug|Any CPU.Build.0 = Debug|Any CPU
		{9698CE81-0798-4177-B790-23C9F9F9CC4D}.Release|Any CPU.ActiveCfg = Release|Any CPU
		{9698CE81-0798-4177-B790-23C9F9F9CC4D}.Release|Any CPU.Build.0 = Release|Any CPU
		{0B25DA58-2462-4F7D-9C74-7AED833132DD}.Debug|Any CPU.ActiveCfg = Debug|Any CPU
		{0B25DA58-2462-4F7D-9C74-7AED833132DD}.Debug|Any CPU.Build.0 = Debug|Any CPU
		{0B25DA58-2462-4F7D-9C74-7AED833132DD}.Release|Any CPU.ActiveCfg = Release|Any CPU
		{0B25DA58-2462-4F7D-9C74-7AED833132DD}.Release|Any CPU.Build.0 = Release|Any CPU
	EndGlobalSection
	GlobalSection(SolutionProperties) = preSolution
		HideSolutionNode = FALSE
	EndGlobalSection
	GlobalSection(ExtensibilityGlobals) = postSolution
		SolutionGuid = {476758FB-5076-45FC-9F26-3A6F8F42AEA7}
	EndGlobalSection
EndGlobal
